
Microsoft Visual Studio Solution File, Format Version 12.00
# Visual Studio 2013
VisualStudioVersion = 12.0.31101.0
MinimumVisualStudioVersion = 10.0.40219.1
Project("{FAE04EC0-301F-11D3-BF4B-00C04F79EFBC}") = "FileValidator", "FileValidator\FileValidator.csproj", "{B283D091-7B82-4EBA-835B-F52C1445BDDC}"
EndProject
Project("{54435603-DBB4-11D2-8724-00A0C9A8B90C}") = "SetupFileValidator", "SetupFileValidator\SetupFileValidator.vdproj", "{24B3A9C7-AF48-4BF0-821B-40D3CBD1D88A}"
EndProject
Global
	GlobalSection(SolutionConfigurationPlatforms) = preSolution
		Debug|Any CPU = Debug|Any CPU
		Release|Any CPU = Release|Any CPU
	EndGlobalSection
	GlobalSection(ProjectConfigurationPlatforms) = postSolution
		{B283D091-7B82-4EBA-835B-F52C1445BDDC}.Debug|Any CPU.ActiveCfg = Debug|Any CPU
		{B283D091-7B82-4EBA-835B-F52C1445BDDC}.Debug|Any CPU.Build.0 = Debug|Any CPU
		{B283D091-7B82-4EBA-835B-F52C1445BDDC}.Release|Any CPU.ActiveCfg = Release|Any CPU
		{B283D091-7B82-4EBA-835B-F52C1445BDDC}.Release|Any CPU.Build.0 = Release|Any CPU
		{24B3A9C7-AF48-4BF0-821B-40D3CBD1D88A}.Debug|Any CPU.ActiveCfg = Debug
		{24B3A9C7-AF48-4BF0-821B-40D3CBD1D88A}.Release|Any CPU.ActiveCfg = Release
	EndGlobalSection
	GlobalSection(SolutionProperties) = preSolution
		HideSolutionNode = FALSE
	EndGlobalSection
EndGlobal
